
Microsoft Visual Studio Solution File, Format Version 12.00
# Visual Studio 15
VisualStudioVersion = 15.0.27130.2036
MinimumVisualStudioVersion = 10.0.40219.1
Project("{FAE04EC0-301F-11D3-BF4B-00C04F79EFBC}") = "MahloClient", "MahloClient\MahloClient.csproj", "{CCE59E36-BF3A-4570-9A5D-F81F70E7A03E}"
EndProject
Project("{FAE04EC0-301F-11D3-BF4B-00C04F79EFBC}") = "MahloClientTests", "MahloClientTests\MahloClientTests.csproj", "{8482AD7B-82C3-4B3E-9837-408E498EE95B}"
EndProject
Project("{FAE04EC0-301F-11D3-BF4B-00C04F79EFBC}") = "MahloService", "MahloService\MahloService.csproj", "{B1825919-D85B-4E0E-8671-E6851E810CF3}"
EndProject
Project("{FAE04EC0-301F-11D3-BF4B-00C04F79EFBC}") = "MahloServiceTests", "MahloServiceTests\MahloServiceTests.csproj", "{EFACEF8E-1FA2-4FDE-96F3-AAF6979D682A}"
EndProject
Global
	GlobalSection(SolutionConfigurationPlatforms) = preSolution
		Debug|Any CPU = Debug|Any CPU
		Release|Any CPU = Release|Any CPU
	EndGlobalSection
	GlobalSection(ProjectConfigurationPlatforms) = postSolution
		{CCE59E36-BF3A-4570-9A5D-F81F70E7A03E}.Debug|Any CPU.ActiveCfg = Debug|Any CPU
		{CCE59E36-BF3A-4570-9A5D-F81F70E7A03E}.Debug|Any CPU.Build.0 = Debug|Any CPU
		{CCE59E36-BF3A-4570-9A5D-F81F70E7A03E}.Release|Any CPU.ActiveCfg = Release|Any CPU
		{CCE59E36-BF3A-4570-9A5D-F81F70E7A03E}.Release|Any CPU.Build.0 = Release|Any CPU
		{8482AD7B-82C3-4B3E-9837-408E498EE95B}.Debug|Any CPU.ActiveCfg = Debug|Any CPU
		{8482AD7B-82C3-4B3E-9837-408E498EE95B}.Debug|Any CPU.Build.0 = Debug|Any CPU
		{8482AD7B-82C3-4B3E-9837-408E498EE95B}.Release|Any CPU.ActiveCfg = Release|Any CPU
		{8482AD7B-82C3-4B3E-9837-408E498EE95B}.Release|Any CPU.Build.0 = Release|Any CPU
		{B1825919-D85B-4E0E-8671-E6851E810CF3}.Debug|Any CPU.ActiveCfg = Debug|Any CPU
		{B1825919-D85B-4E0E-8671-E6851E810CF3}.Debug|Any CPU.Build.0 = Debug|Any CPU
		{B1825919-D85B-4E0E-8671-E6851E810CF3}.Release|Any CPU.ActiveCfg = Release|Any CPU
		{B1825919-D85B-4E0E-8671-E6851E810CF3}.Release|Any CPU.Build.0 = Release|Any CPU
		{EFACEF8E-1FA2-4FDE-96F3-AAF6979D682A}.Debug|Any CPU.ActiveCfg = Debug|Any CPU
		{EFACEF8E-1FA2-4FDE-96F3-AAF6979D682A}.Debug|Any CPU.Build.0 = Debug|Any CPU
		{EFACEF8E-1FA2-4FDE-96F3-AAF6979D682A}.Release|Any CPU.ActiveCfg = Release|Any CPU
		{EFACEF8E-1FA2-4FDE-96F3-AAF6979D682A}.Release|Any CPU.Build.0 = Release|Any CPU
	EndGlobalSection
	GlobalSection(SolutionProperties) = preSolution
		HideSolutionNode = FALSE
	EndGlobalSection
	GlobalSection(ExtensibilityGlobals) = postSolution
		SolutionGuid = {12095B22-9E89-400F-9AA8-C7BFF9D35669}
	EndGlobalSection
EndGlobal
